# THIS IS AN AUTOGENERATED FILE. DO NOT EDIT THIS FILE DIRECTLY.
# yarn lockfile v1


"@algolia/cache-browser-local-storage@4.9.1":
  version "4.9.1"
  resolved "https://registry.yarnpkg.com/@algolia/cache-browser-local-storage/-/cache-browser-local-storage-4.9.1.tgz#784e91580dcca00a8280b0905197f5abbbdf4b48"
  integrity sha512-bAUU9vKCy45uTTlzJw0LYu1IjoZsmzL6lgjaVFaW1crhX/4P+JD5ReQv3n/wpiXSFaHq1WEO3WyH2g3ymzeipQ==
  dependencies:
    "@algolia/cache-common" "4.9.1"

"@algolia/cache-common@4.9.1":
  version "4.9.1"
  resolved "https://registry.yarnpkg.com/@algolia/cache-common/-/cache-common-4.9.1.tgz#2d5f37ba7aab7db76627c4a4fce51a7fd137fa65"
  integrity sha512-tcvw4mOfFy44V4ZxDEy9wNGr6vFROZKRpXKTEBgdw/WBn6mX51H1ar4RWtceDEcDU4H5fIv5tsY3ip2hU+fTPg==

"@algolia/cache-in-memory@4.9.1":
  version "4.9.1"
  resolved "https://registry.yarnpkg.com/@algolia/cache-in-memory/-/cache-in-memory-4.9.1.tgz#3fd1d67aec804b6cc8439015b8b9c712a45c7ae0"
  integrity sha512-IEJrHonvdymW2CnRfJtsTVWyfAH05xPEFkGXGCw00+6JNCj8Dln3TeaRLiaaY1srlyGedkemekQm1/Xb46CGOQ==
  dependencies:
    "@algolia/cache-common" "4.9.1"

"@algolia/client-account@4.9.1":
  version "4.9.1"
  resolved "https://registry.yarnpkg.com/@algolia/client-account/-/client-account-4.9.1.tgz#f2c1b3e49de2ee1fca44b8b5e64e1ce0dbdff0db"
  integrity sha512-Shpjeuwb7i2LR5QuWREb6UbEQLGB+Pl/J5+wPgILJDP/uWp7jpl0ase9mYNQGKj7TjztpSpQCPZ3dSHPnzZPfw==
  dependencies:
    "@algolia/client-common" "4.9.1"
    "@algolia/client-search" "4.9.1"
    "@algolia/transporter" "4.9.1"

"@algolia/client-analytics@4.9.1":
  version "4.9.1"
  resolved "https://registry.yarnpkg.com/@algolia/client-analytics/-/client-analytics-4.9.1.tgz#56972496526910c53c5ce7844f4571efba63eb5f"
  integrity sha512-/g6OkOSIA+A0t/tjvbL6iG/zV4El4LPFgv/tcAYHTH27BmlNtnEXw+iFpGjeUlQoPily9WVB3QNLMJkaNwL3HA==
  dependencies:
    "@algolia/client-common" "4.9.1"
    "@algolia/client-search" "4.9.1"
    "@algolia/requester-common" "4.9.1"
    "@algolia/transporter" "4.9.1"

"@algolia/client-common@4.9.1":
  version "4.9.1"
  resolved "https://registry.yarnpkg.com/@algolia/client-common/-/client-common-4.9.1.tgz#ae313b65d3249efcb4fafd2e92ed1fa2fd075482"
  integrity sha512-UziRTZ8km3qwoVPIyEre8TV6V+MX7UtbfVqPmSafZ0xu41UUZ+sL56YoKjOXkbKuybeIC9prXMGy/ID5bXkTqg==
  dependencies:
    "@algolia/requester-common" "4.9.1"
    "@algolia/transporter" "4.9.1"

"@algolia/client-recommendation@4.9.1":
  version "4.9.1"
  resolved "https://registry.yarnpkg.com/@algolia/client-recommendation/-/client-recommendation-4.9.1.tgz#217af2a38d37ab12cf23a419cc9a576af9d15b13"
  integrity sha512-Drtvvm1PNIOpYf4HFlkPFstFQ3IsN+TRmxur2F7y6Faplb5ybISa8ithu1tmlTdyTf3A78hQUQjgJet6qD2XZw==
  dependencies:
    "@algolia/client-common" "4.9.1"
    "@algolia/requester-common" "4.9.1"
    "@algolia/transporter" "4.9.1"

"@algolia/client-search@4.9.1":
  version "4.9.1"
  resolved "https://registry.yarnpkg.com/@algolia/client-search/-/client-search-4.9.1.tgz#a2fbc47a1b343dade9a8b06310231d51ff675b1b"
  integrity sha512-r9Cw2r8kJr45iYncFDht6EshARghU265wuY8Q8oHrpFHjAziEYdsUOdNmQKbsSH5J3gLjDPx1EI5DzVd6ivn3w==
  dependencies:
    "@algolia/client-common" "4.9.1"
    "@algolia/requester-common" "4.9.1"
    "@algolia/transporter" "4.9.1"

"@algolia/logger-common@4.9.1":
  version "4.9.1"
  resolved "https://registry.yarnpkg.com/@algolia/logger-common/-/logger-common-4.9.1.tgz#3323834095f2916338d2535d2df91c4723ac19f2"
  integrity sha512-9mPrbFlFyPT7or/7PXTiJjyOewWB9QRkZKVXkt5zHAUiUzGxmmdpJIGpPv3YQnDur8lXrXaRI0MHXUuIDMY1ng==

"@algolia/logger-console@4.9.1":
  version "4.9.1"
  resolved "https://registry.yarnpkg.com/@algolia/logger-console/-/logger-console-4.9.1.tgz#c324ef26843dbed06b44586309331dbb949744ad"
  integrity sha512-74VUwjtFjFpjZpi3QoHIPv0kcr3vWUSHX/Vs8PJW3lPsD4CgyhFenQbG9v+ZnyH0JrJwiYTtzfmrVh7IMWZGrQ==
  dependencies:
    "@algolia/logger-common" "4.9.1"

"@algolia/requester-browser-xhr@4.9.1":
  version "4.9.1"
  resolved "https://registry.yarnpkg.com/@algolia/requester-browser-xhr/-/requester-browser-xhr-4.9.1.tgz#0812f3c7c4105a4646c0fba8429b172b2d0e01c5"
  integrity sha512-zc46tk5o0ikOAz3uYiRAMxC2iVKAMFKT7nNZnLB5IzT0uqAh7pz/+D/UvIxP4bKmsllpBSnPcpfQF+OI4Ag/BA==
  dependencies:
    "@algolia/requester-common" "4.9.1"

"@algolia/requester-common@4.9.1":
  version "4.9.1"
  resolved "https://registry.yarnpkg.com/@algolia/requester-common/-/requester-common-4.9.1.tgz#50fcf4c7c1ed7ae13159167ac1da2844d036a630"
  integrity sha512-9hPgXnlCSbqJqF69M5x5WN3h51Dc+mk/iWNeJSVxExHGvCDfBBZd0v6S15i8q2a9cD1I2RnhMpbnX5BmGtabVA==

"@algolia/requester-node-http@4.9.1":
  version "4.9.1"
  resolved "https://registry.yarnpkg.com/@algolia/requester-node-http/-/requester-node-http-4.9.1.tgz#70054a0aa5643072404fcb68042eec97c7abd1c8"
  integrity sha512-vYNVbSCuyrCSCjHBQJk+tLZtWCjvvDf5tSbRJjyJYMqpnXuIuP7gZm24iHil4NPYBhbBj5NU2ZDAhc/gTn75Ag==
  dependencies:
    "@algolia/requester-common" "4.9.1"

"@algolia/transporter@4.9.1":
  version "4.9.1"
  resolved "https://registry.yarnpkg.com/@algolia/transporter/-/transporter-4.9.1.tgz#63ef3d9ae3b6556fa1ff1e6265bbab482bd084b7"
  integrity sha512-AbjFfGzX+cAuj7Qyc536OxIQzjFOA5FU2ANGStx8LBH+AKXScwfkx67C05riuaRR5adSCLMSEbVvUscH0nF+6A==
  dependencies:
    "@algolia/cache-common" "4.9.1"
    "@algolia/logger-common" "4.9.1"
    "@algolia/requester-common" "4.9.1"

"@types/aws-lambda@^8.10.77":
  version "8.10.77"
  resolved "https://registry.yarnpkg.com/@types/aws-lambda/-/aws-lambda-8.10.77.tgz#04c4e3a06ab5552f2fa80816f8adca54b6bb9671"
  integrity sha512-n0EMFJU/7u3KvHrR83l/zrKOVURXl5pUJPNED/Bzjah89QKCHwCiKCBoVUXRwTGRfCYGIDdinJaAlKDHZdp/Ng==

"@types/node-fetch@^2.5.10":
  version "2.5.10"
  resolved "https://registry.yarnpkg.com/@types/node-fetch/-/node-fetch-2.5.10.tgz#9b4d4a0425562f9fcea70b12cb3fcdd946ca8132"
  integrity sha512-IpkX0AasN44hgEad0gEF/V6EgR5n69VEqPEgnmoM8GsIGro3PowbWs4tR6IhxUTyPLpOn+fiGG6nrQhcmoCuIQ==
  dependencies:
    "@types/node" "*"
    form-data "^3.0.0"

"@types/node@*":
  version "15.12.2"
  resolved "https://registry.yarnpkg.com/@types/node/-/node-15.12.2.tgz#1f2b42c4be7156ff4a6f914b2fb03d05fa84e38d"
  integrity sha512-zjQ69G564OCIWIOHSXyQEEDpdpGl+G348RAKY0XXy9Z5kU9Vzv1GMNnkar/ZJ8dzXB3COzD9Mo9NtRZ4xfgUww==

"@types/node@^15.12.1":
  version "15.12.1"
  resolved "https://registry.yarnpkg.com/@types/node/-/node-15.12.1.tgz#9b60797dee1895383a725f828a869c86c6caa5c2"
  integrity sha512-zyxJM8I1c9q5sRMtVF+zdd13Jt6RU4r4qfhTd7lQubyThvLfx6yYekWSQjGCGV2Tkecgxnlpl/DNlb6Hg+dmEw==

algoliasearch@^4.9.1:
  version "4.9.1"
  resolved "https://registry.yarnpkg.com/algoliasearch/-/algoliasearch-4.9.1.tgz#1fa8ece3f9808e465226176b88b953801c2274e0"
  integrity sha512-EeJUYXzBEhZSsL6tXc3hseLBCtlNLa1MZ4mlMK6EeX38yRjY5vgnFcNNml6uUhlOjvheKxgkKRpPWkxgL8Cqkg==
  dependencies:
    "@algolia/cache-browser-local-storage" "4.9.1"
    "@algolia/cache-common" "4.9.1"
    "@algolia/cache-in-memory" "4.9.1"
    "@algolia/client-account" "4.9.1"
    "@algolia/client-analytics" "4.9.1"
    "@algolia/client-common" "4.9.1"
    "@algolia/client-recommendation" "4.9.1"
    "@algolia/client-search" "4.9.1"
    "@algolia/logger-common" "4.9.1"
    "@algolia/logger-console" "4.9.1"
    "@algolia/requester-browser-xhr" "4.9.1"
    "@algolia/requester-common" "4.9.1"
    "@algolia/requester-node-http" "4.9.1"
    "@algolia/transporter" "4.9.1"

asynckit@^0.4.0:
  version "0.4.0"
  resolved "https://registry.yarnpkg.com/asynckit/-/asynckit-0.4.0.tgz#c79ed97f7f34cb8f2ba1bc9790bcc366474b4b79"
  integrity sha1-x57Zf380y48robyXkLzDZkdLS3k=

combined-stream@^1.0.8:
  version "1.0.8"
  resolved "https://registry.yarnpkg.com/combined-stream/-/combined-stream-1.0.8.tgz#c3d45a8b34fd730631a110a8a2520682b31d5a7f"
  integrity sha512-FQN4MRfuJeHf7cBbBMJFXhKSDq+2kAArBlmRBvcvFE5BB1HZKXtSFASDhdlz9zOYwxh8lDdnvmMOe/+5cdoEdg==
  dependencies:
    delayed-stream "~1.0.0"

delayed-stream@~1.0.0:
  version "1.0.0"
  resolved "https://registry.yarnpkg.com/delayed-stream/-/delayed-stream-1.0.0.tgz#df3ae199acadfb7d440aaae0b29e2272b24ec619"
  integrity sha1-3zrhmayt+31ECqrgsp4icrJOxhk=

esbuild@^0.12.8:
  version "0.12.8"
  resolved "https://registry.yarnpkg.com/esbuild/-/esbuild-0.12.8.tgz#ac90da77cb3bfbf49ab815200bcef7ffe1a3348f"
  integrity sha512-sx/LwlP/SWTGsd9G4RlOPrXnIihAJ2xwBUmzoqe2nWwbXORMQWtAGNJNYLBJJqa3e9PWvVzxdrtyFZJcr7D87g==

form-data@^3.0.0:
  version "3.0.1"
  resolved "https://registry.yarnpkg.com/form-data/-/form-data-3.0.1.tgz#ebd53791b78356a99af9a300d4282c4d5eb9755f"
  integrity sha512-RHkBKtLWUVwd7SqRIvCZMEvAMoGUp0XU+seQiZejj0COz3RI3hWP4sCv3gZWWLjJTd7rGwcsF5eKZGii0r/hbg==
  dependencies:
    asynckit "^0.4.0"
    combined-stream "^1.0.8"
    mime-types "^2.1.12"

mime-db@1.48.0:
  version "1.48.0"
  resolved "https://registry.yarnpkg.com/mime-db/-/mime-db-1.48.0.tgz#e35b31045dd7eada3aaad537ed88a33afbef2d1d"
  integrity sha512-FM3QwxV+TnZYQ2aRqhlKBMHxk10lTbMt3bBkMAp54ddrNeVSfcQYOOKuGuy3Ddrm38I04If834fOUSq1yzslJQ==

mime-types@^2.1.12:
  version "2.1.31"
  resolved "https://registry.yarnpkg.com/mime-types/-/mime-types-2.1.31.tgz#a00d76b74317c61f9c2db2218b8e9f8e9c5c9e6b"
  integrity sha512-XGZnNzm3QvgKxa8dpzyhFTHmpP3l5YNusmne07VUOXxou9CqUqYa/HBy124RqtVh/O2pECas/MOcsDgpilPOPg==
  dependencies:
    mime-db "1.48.0"

node-fetch@^2.6.1:
  version "2.6.1"
  resolved "https://registry.yarnpkg.com/node-fetch/-/node-fetch-2.6.1.tgz#045bd323631f76ed2e2b55573394416b639a0052"
  integrity sha512-V4aYg89jEoVRxRb2fJdAg8FHvI7cEyYdVAh94HH0UIK8oJxUfkjlDQN9RbMx+bEjP7+ggMiFRprSti032Oipxw==

typescript@^4.3.2:
  version "4.3.2"
  resolved "https://registry.yarnpkg.com/typescript/-/typescript-4.3.2.tgz#399ab18aac45802d6f2498de5054fcbbe716a805"
  integrity sha512-zZ4hShnmnoVnAHpVHWpTcxdv7dWP60S2FsydQLV8V5PbS3FifjWFFRiHSWpDJahly88PRyV5teTSLoq4eG7mKw==
